lockfileVersion: '9.0'

settings:
  autoInstallPeers: true
  excludeLinksFromLockfile: false

importers:

  .:
    devDependencies:
      '@types/mock-fs':
        specifier: ^4.13.4
        version: 4.13.4
      '@types/node':
        specifier: ^24.10.7
        version: 24.10.7
      mock-fs:
        specifier: ^5.5.0
        version: 5.5.0
      typescript:
        specifier: ^5.9.3
        version: 5.9.3

packages:

  '@types/mock-fs@4.13.4':
    resolution: {integrity: sha512-mXmM0o6lULPI8z3XNnQCpL0BGxPwx1Ul1wXYEPBGl4efShyxW2Rln0JOPEWGyZaYZMM6OVXM/15zUuFMY52ljg==}

  '@types/node@24.10.7':
    resolution: {integrity: sha512-+054pVMzVTmRQV8BhpGv3UyfZ2Llgl8rdpDTon+cUH9+na0ncBVXj3wTUKh14+Kiz18ziM3b4ikpP5/Pc0rQEQ==}

  mock-fs@5.5.0:
    resolution: {integrity: sha512-d/P1M/RacgM3dB0sJ8rjeRNXxtapkPCUnMGmIN0ixJ16F/E4GUZCvWcSGfWGz8eaXYvn1s9baUwNjI4LOPEjiA==}
    engines: {node: '>=12.0.0'}

  typescript@5.9.3:
    resolution: {integrity: sha512-jl1vZzPDinLr9eUt3J/t7V6FgNEw9QjvBPdysz9KfQDD41fQrC2Y4vKQdiaUpFT4bXlb1RHhLpp8wtm6M5TgSw==}
    engines: {node: '>=14.17'}
    hasBin: true

  undici-types@7.16.0:
    resolution: {integrity: sha512-Zz+aZWSj8LE6zoxD+xrjh4VfkIG8Ya6LvYkZqtUQGJPZjYl53ypCaUwWqo7eI0x66KBGeRo+mlBEkMSeSZ38Nw==}

snapshots:

  '@types/mock-fs@4.13.4':
    dependencies:
      '@types/node': 24.10.7

  '@types/node@24.10.7':
    dependencies:
      undici-types: 7.16.0

  mock-fs@5.5.0: {}

  typescript@5.9.3: {}

  undici-types@7.16.0: {}
